PODS:
  - abseil/algorithm (1.20211102.0):
    - abseil/algorithm/algorithm (= 1.20211102.0)
    - abseil/algorithm/container (= 1.20211102.0)
  - abseil/algorithm/algorithm (1.20211102.0):
    - abseil/base/config
  - abseil/algorithm/container (1.20211102.0):
    - abseil/algorithm/algorithm
    - abseil/base/core_headers
    - abseil/meta/type_traits
  - abseil/base (1.20211102.0):
    - abseil/base/atomic_hook (= 1.20211102.0)
    - abseil/base/base (= 1.20211102.0)
    - abseil/base/base_internal (= 1.20211102.0)
    - abseil/base/config (= 1.20211102.0)
    - abseil/base/core_headers (= 1.20211102.0)
    - abseil/base/dynamic_annotations (= 1.20211102.0)
    - abseil/base/endian (= 1.20211102.0)
    - abseil/base/errno_saver (= 1.20211102.0)
    - abseil/base/fast_type_id (= 1.20211102.0)
    - abseil/base/log_severity (= 1.20211102.0)
    - abseil/base/malloc_internal (= 1.20211102.0)
    - abseil/base/pretty_function (= 1.20211102.0)
    - abseil/base/raw_logging_internal (= 1.20211102.0)
    - abseil/base/spinlock_wait (= 1.20211102.0)
    - abseil/base/strerror (= 1.20211102.0)
    - abseil/base/throw_delegate (= 1.20211102.0)
  - abseil/base/atomic_hook (1.20211102.0):
    - abseil/base/config
    - abseil/base/core_headers
  - abseil/base/base (1.20211102.0):
    - abseil/base/atomic_hook
    - abseil/base/base_internal
    - abseil/base/config
    - abseil/base/core_headers
    - abseil/base/dynamic_annotations
    - abseil/base/log_severity
    - abseil/base/raw_logging_internal
    - abseil/base/spinlock_wait
    - abseil/meta/type_traits
  - abseil/base/base_internal (1.20211102.0):
    - abseil/base/config
    - abseil/meta/type_traits
  - abseil/base/config (1.20211102.0)
  - abseil/base/core_headers (1.20211102.0):
    - abseil/base/config
  - abseil/base/dynamic_annotations (1.20211102.0):
    - abseil/base/config
    - abseil/base/core_headers
  - abseil/base/endian (1.20211102.0):
    - abseil/base/base
    - abseil/base/config
    - abseil/base/core_headers
  - abseil/base/errno_saver (1.20211102.0):
    - abseil/base/config
  - abseil/base/fast_type_id (1.20211102.0):
    - abseil/base/config
  - abseil/base/log_severity (1.20211102.0):
    - abseil/base/config
    - abseil/base/core_headers
  - abseil/base/malloc_internal (1.20211102.0):
    - abseil/base/base
    - abseil/base/base_internal
    - abseil/base/config
    - abseil/base/core_headers
    - abseil/base/dynamic_annotations
    - abseil/base/raw_logging_internal
  - abseil/base/pretty_function (1.20211102.0)
  - abseil/base/raw_logging_internal (1.20211102.0):
    - abseil/base/atomic_hook
    - abseil/base/config
    - abseil/base/core_headers
    - abseil/base/log_severity
  - abseil/base/spinlock_wait (1.20211102.0):
    - abseil/base/base_internal
    - abseil/base/core_headers
    - abseil/base/errno_saver
  - abseil/base/strerror (1.20211102.0):
    - abseil/base/config
    - abseil/base/core_headers
    - abseil/base/errno_saver
  - abseil/base/throw_delegate (1.20211102.0):
    - abseil/base/config
    - abseil/base/raw_logging_internal
  - abseil/container/common (1.20211102.0):
    - abseil/meta/type_traits
    - abseil/types/optional
  - abseil/container/compressed_tuple (1.20211102.0):
    - abseil/utility/utility
  - abseil/container/container_memory (1.20211102.0):
    - abseil/base/config
    - abseil/memory/memory
    - abseil/meta/type_traits
    - abseil/utility/utility
  - abseil/container/fixed_array (1.20211102.0):
    - abseil/algorithm/algorithm
    - abseil/base/config
    - abseil/base/core_headers
    - abseil/base/dynamic_annotations
    - abseil/base/throw_delegate
    - abseil/container/compressed_tuple
    - abseil/memory/memory
  - abseil/container/flat_hash_map (1.20211102.0):
    - abseil/algorithm/container
    - abseil/container/container_memory
    - abseil/container/hash_function_defaults
    - abseil/container/raw_hash_map
    - abseil/memory/memory
  - abseil/container/hash_function_defaults (1.20211102.0):
    - abseil/base/config
    - abseil/hash/hash
    - abseil/strings/cord
    - abseil/strings/strings
  - abseil/container/hash_policy_traits (1.20211102.0):
    - abseil/meta/type_traits
  - abseil/container/hashtable_debug_hooks (1.20211102.0):
    - abseil/base/config
  - abseil/container/hashtablez_sampler (1.20211102.0):
    - abseil/base/base
    - abseil/base/core_headers
    - abseil/container/have_sse
    - abseil/debugging/stacktrace
    - abseil/memory/memory
    - abseil/profiling/exponential_biased
    - abseil/profiling/sample_recorder
    - abseil/synchronization/synchronization
    - abseil/utility/utility
  - abseil/container/have_sse (1.20211102.0)
  - abseil/container/inlined_vector (1.20211102.0):
    - abseil/algorithm/algorithm
    - abseil/base/core_headers
    - abseil/base/throw_delegate
    - abseil/container/inlined_vector_internal
    - abseil/memory/memory
  - abseil/container/inlined_vector_internal (1.20211102.0):
    - abseil/base/core_headers
    - abseil/container/compressed_tuple
    - abseil/memory/memory
    - abseil/meta/type_traits
    - abseil/types/span
  - abseil/container/layout (1.20211102.0):
    - abseil/base/config
    - abseil/base/core_headers
    - abseil/meta/type_traits
    - abseil/strings/strings
    - abseil/types/span
    - abseil/utility/utility
  - abseil/container/raw_hash_map (1.20211102.0):
    - abseil/base/throw_delegate
    - abseil/container/container_memory
    - abseil/container/raw_hash_set
  - abseil/container/raw_hash_set (1.20211102.0):
    - abseil/base/config
    - abseil/base/core_headers
    - abseil/base/endian
    - abseil/container/common
    - abseil/container/compressed_tuple
    - abseil/container/container_memory
    - abseil/container/hash_policy_traits
    - abseil/container/hashtable_debug_hooks
    - abseil/container/hashtablez_sampler
    - abseil/container/have_sse
    - abseil/memory/memory
    - abseil/meta/type_traits
    - abseil/numeric/bits
    - abseil/utility/utility
  - abseil/debugging/debugging_internal (1.20211102.0):
    - abseil/base/config
    - abseil/base/core_headers
    - abseil/base/dynamic_annotations
    - abseil/base/errno_saver
    - abseil/base/raw_logging_internal
  - abseil/debugging/demangle_internal (1.20211102.0):
    - abseil/base/base
    - abseil/base/config
    - abseil/base/core_headers
  - abseil/debugging/stacktrace (1.20211102.0):
    - abseil/base/config
    - abseil/base/core_headers
    - abseil/debugging/debugging_internal
  - abseil/debugging/symbolize (1.20211102.0):
    - abseil/base/base
    - abseil/base/config
    - abseil/base/core_headers
    - abseil/base/dynamic_annotations
    - abseil/base/malloc_internal
    - abseil/base/raw_logging_internal
    - abseil/debugging/debugging_internal
    - abseil/debugging/demangle_internal
    - abseil/strings/strings
  - abseil/functional/bind_front (1.20211102.0):
    - abseil/base/base_internal
    - abseil/container/compressed_tuple
    - abseil/meta/type_traits
    - abseil/utility/utility
  - abseil/functional/function_ref (1.20211102.0):
    - abseil/base/base_internal
    - abseil/base/core_headers
    - abseil/meta/type_traits
  - abseil/hash/city (1.20211102.0):
    - abseil/base/config
    - abseil/base/core_headers
    - abseil/base/endian
  - abseil/hash/hash (1.20211102.0):
    - abseil/base/config
    - abseil/base/core_headers
    - abseil/base/endian
    - abseil/container/fixed_array
    - abseil/hash/city
    - abseil/hash/low_level_hash
    - abseil/meta/type_traits
    - abseil/numeric/int128
    - abseil/strings/strings
    - abseil/types/optional
    - abseil/types/variant
    - abseil/utility/utility
  - abseil/hash/low_level_hash (1.20211102.0):
    - abseil/base/config
    - abseil/base/endian
    - abseil/numeric/bits
    - abseil/numeric/int128
  - abseil/memory (1.20211102.0):
    - abseil/memory/memory (= 1.20211102.0)
  - abseil/memory/memory (1.20211102.0):
    - abseil/base/core_headers
    - abseil/meta/type_traits
  - abseil/meta (1.20211102.0):
    - abseil/meta/type_traits (= 1.20211102.0)
  - abseil/meta/type_traits (1.20211102.0):
    - abseil/base/config
  - abseil/numeric/bits (1.20211102.0):
    - abseil/base/config
    - abseil/base/core_headers
  - abseil/numeric/int128 (1.20211102.0):
    - abseil/base/config
    - abseil/base/core_headers
    - abseil/numeric/bits
  - abseil/numeric/representation (1.20211102.0):
    - abseil/base/config
  - abseil/profiling/exponential_biased (1.20211102.0):
    - abseil/base/config
    - abseil/base/core_headers
  - abseil/profiling/sample_recorder (1.20211102.0):
    - abseil/base/config
    - abseil/base/core_headers
    - abseil/synchronization/synchronization
    - abseil/time/time
  - abseil/random/distributions (1.20211102.0):
    - abseil/base/base_internal
    - abseil/base/config
    - abseil/base/core_headers
    - abseil/meta/type_traits
    - abseil/numeric/bits
    - abseil/random/internal/distribution_caller
    - abseil/random/internal/fast_uniform_bits
    - abseil/random/internal/fastmath
    - abseil/random/internal/generate_real
    - abseil/random/internal/iostream_state_saver
    - abseil/random/internal/traits
    - abseil/random/internal/uniform_helper
    - abseil/random/internal/wide_multiply
    - abseil/strings/strings
  - abseil/random/internal/distribution_caller (1.20211102.0):
    - abseil/base/config
    - abseil/base/fast_type_id
    - abseil/utility/utility
  - abseil/random/internal/fast_uniform_bits (1.20211102.0):
    - abseil/base/config
    - abseil/meta/type_traits
  - abseil/random/internal/fastmath (1.20211102.0):
    - abseil/numeric/bits
  - abseil/random/internal/generate_real (1.20211102.0):
    - abseil/meta/type_traits
    - abseil/numeric/bits
    - abseil/random/internal/fastmath
    - abseil/random/internal/traits
  - abseil/random/internal/iostream_state_saver (1.20211102.0):
    - abseil/meta/type_traits
    - abseil/numeric/int128
  - abseil/random/internal/nonsecure_base (1.20211102.0):
    - abseil/base/core_headers
    - abseil/meta/type_traits
    - abseil/random/internal/pool_urbg
    - abseil/random/internal/salted_seed_seq
    - abseil/random/internal/seed_material
    - abseil/types/optional
    - abseil/types/span
  - abseil/random/internal/pcg_engine (1.20211102.0):
    - abseil/base/config
    - abseil/meta/type_traits
    - abseil/numeric/bits
    - abseil/numeric/int128
    - abseil/random/internal/fastmath
    - abseil/random/internal/iostream_state_saver
  - abseil/random/internal/platform (1.20211102.0):
    - abseil/base/config
  - abseil/random/internal/pool_urbg (1.20211102.0):
    - abseil/base/base
    - abseil/base/config
    - abseil/base/core_headers
    - abseil/base/endian
    - abseil/base/raw_logging_internal
    - abseil/random/internal/randen
    - abseil/random/internal/seed_material
    - abseil/random/internal/traits
    - abseil/random/seed_gen_exception
    - abseil/types/span
  - abseil/random/internal/randen (1.20211102.0):
    - abseil/base/raw_logging_internal
    - abseil/random/internal/platform
    - abseil/random/internal/randen_hwaes
    - abseil/random/internal/randen_slow
  - abseil/random/internal/randen_engine (1.20211102.0):
    - abseil/base/endian
    - abseil/meta/type_traits
    - abseil/random/internal/iostream_state_saver
    - abseil/random/internal/randen
  - abseil/random/internal/randen_hwaes (1.20211102.0):
    - abseil/base/config
    - abseil/random/internal/platform
    - abseil/random/internal/randen_hwaes_impl
  - abseil/random/internal/randen_hwaes_impl (1.20211102.0):
    - abseil/base/config
    - abseil/base/core_headers
    - abseil/numeric/int128
    - abseil/random/internal/platform
  - abseil/random/internal/randen_slow (1.20211102.0):
    - abseil/base/config
    - abseil/base/core_headers
    - abseil/base/endian
    - abseil/numeric/int128
    - abseil/random/internal/platform
  - abseil/random/internal/salted_seed_seq (1.20211102.0):
    - abseil/container/inlined_vector
    - abseil/meta/type_traits
    - abseil/random/internal/seed_material
    - abseil/types/optional
    - abseil/types/span
  - abseil/random/internal/seed_material (1.20211102.0):
    - abseil/base/core_headers
    - abseil/base/dynamic_annotations
    - abseil/base/raw_logging_internal
    - abseil/random/internal/fast_uniform_bits
    - abseil/strings/strings
    - abseil/types/optional
    - abseil/types/span
  - abseil/random/internal/traits (1.20211102.0):
    - abseil/base/config
  - abseil/random/internal/uniform_helper (1.20211102.0):
    - abseil/base/config
    - abseil/meta/type_traits
    - abseil/random/internal/traits
  - abseil/random/internal/wide_multiply (1.20211102.0):
    - abseil/base/config
    - abseil/numeric/bits
    - abseil/numeric/int128
    - abseil/random/internal/traits
  - abseil/random/random (1.20211102.0):
    - abseil/random/distributions
    - abseil/random/internal/nonsecure_base
    - abseil/random/internal/pcg_engine
    - abseil/random/internal/pool_urbg
    - abseil/random/internal/randen_engine
    - abseil/random/seed_sequences
  - abseil/random/seed_gen_exception (1.20211102.0):
    - abseil/base/config
  - abseil/random/seed_sequences (1.20211102.0):
    - abseil/container/inlined_vector
    - abseil/random/internal/nonsecure_base
    - abseil/random/internal/pool_urbg
    - abseil/random/internal/salted_seed_seq
    - abseil/random/internal/seed_material
    - abseil/random/seed_gen_exception
    - abseil/types/span
  - abseil/status/status (1.20211102.0):
    - abseil/base/atomic_hook
    - abseil/base/config
    - abseil/base/core_headers
    - abseil/base/raw_logging_internal
    - abseil/container/inlined_vector
    - abseil/debugging/stacktrace
    - abseil/debugging/symbolize
    - abseil/functional/function_ref
    - abseil/strings/cord
    - abseil/strings/str_format
    - abseil/strings/strings
    - abseil/types/optional
  - abseil/status/statusor (1.20211102.0):
    - abseil/base/base
    - abseil/base/core_headers
    - abseil/base/raw_logging_internal
    - abseil/meta/type_traits
    - abseil/status/status
    - abseil/strings/strings
    - abseil/types/variant
    - abseil/utility/utility
  - abseil/strings/cord (1.20211102.0):
    - abseil/base/base
    - abseil/base/config
    - abseil/base/core_headers
    - abseil/base/endian
    - abseil/base/raw_logging_internal
    - abseil/container/fixed_array
    - abseil/container/inlined_vector
    - abseil/functional/function_ref
    - abseil/meta/type_traits
    - abseil/strings/cord_internal
    - abseil/strings/cordz_functions
    - abseil/strings/cordz_info
    - abseil/strings/cordz_statistics
    - abseil/strings/cordz_update_scope
    - abseil/strings/cordz_update_tracker
    - abseil/strings/internal
    - abseil/strings/str_format
    - abseil/strings/strings
    - abseil/types/optional
  - abseil/strings/cord_internal (1.20211102.0):
    - abseil/base/base_internal
    - abseil/base/config
    - abseil/base/core_headers
    - abseil/base/endian
    - abseil/base/raw_logging_internal
    - abseil/base/throw_delegate
    - abseil/container/compressed_tuple
    - abseil/container/inlined_vector
    - abseil/container/layout
    - abseil/functional/function_ref
    - abseil/meta/type_traits
    - abseil/strings/strings
    - abseil/types/span
  - abseil/strings/cordz_functions (1.20211102.0):
    - abseil/base/config
    - abseil/base/core_headers
    - abseil/base/raw_logging_internal
    - abseil/profiling/exponential_biased
  - abseil/strings/cordz_handle (1.20211102.0):
    - abseil/base/base
    - abseil/base/config
    - abseil/base/raw_logging_internal
    - abseil/synchronization/synchronization
  - abseil/strings/cordz_info (1.20211102.0):
    - abseil/base/base
    - abseil/base/config
    - abseil/base/core_headers
    - abseil/base/raw_logging_internal
    - abseil/container/inlined_vector
    - abseil/debugging/stacktrace
    - abseil/strings/cord_internal
    - abseil/strings/cordz_functions
    - abseil/strings/cordz_handle
    - abseil/strings/cordz_statistics
    - abseil/strings/cordz_update_tracker
    - abseil/synchronization/synchronization
    - abseil/types/span
  - abseil/strings/cordz_statistics (1.20211102.0):
    - abseil/base/config
    - abseil/strings/cordz_update_tracker
  - abseil/strings/cordz_update_scope (1.20211102.0):
    - abseil/base/config
    - abseil/base/core_headers
    - abseil/strings/cord_internal
    - abseil/strings/cordz_info
    - abseil/strings/cordz_update_tracker
  - abseil/strings/cordz_update_tracker (1.20211102.0):
    - abseil/base/config
  - abseil/strings/internal (1.20211102.0):
    - abseil/base/config
    - abseil/base/core_headers
    - abseil/base/endian
    - abseil/base/raw_logging_internal
    - abseil/meta/type_traits
  - abseil/strings/str_format (1.20211102.0):
    - abseil/strings/str_format_internal
  - abseil/strings/str_format_internal (1.20211102.0):
    - abseil/base/config
    - abseil/base/core_headers
    - abseil/functional/function_ref
    - abseil/meta/type_traits
    - abseil/numeric/bits
    - abseil/numeric/int128
    - abseil/numeric/representation
    - abseil/strings/strings
    - abseil/types/optional
    - abseil/types/span
  - abseil/strings/strings (1.20211102.0):
    - abseil/base/base
    - abseil/base/config
    - abseil/base/core_headers
    - abseil/base/endian
    - abseil/base/raw_logging_internal
    - abseil/base/throw_delegate
    - abseil/memory/memory
    - abseil/meta/type_traits
    - abseil/numeric/bits
    - abseil/numeric/int128
    - abseil/strings/internal
  - abseil/synchronization/graphcycles_internal (1.20211102.0):
    - abseil/base/base
    - abseil/base/base_internal
    - abseil/base/config
    - abseil/base/core_headers
    - abseil/base/malloc_internal
    - abseil/base/raw_logging_internal
  - abseil/synchronization/kernel_timeout_internal (1.20211102.0):
    - abseil/base/core_headers
    - abseil/base/raw_logging_internal
    - abseil/time/time
  - abseil/synchronization/synchronization (1.20211102.0):
    - abseil/base/atomic_hook
    - abseil/base/base
    - abseil/base/base_internal
    - abseil/base/config
    - abseil/base/core_headers
    - abseil/base/dynamic_annotations
    - abseil/base/malloc_internal
    - abseil/base/raw_logging_internal
    - abseil/debugging/stacktrace
    - abseil/debugging/symbolize
    - abseil/synchronization/graphcycles_internal
    - abseil/synchronization/kernel_timeout_internal
    - abseil/time/time
  - abseil/time (1.20211102.0):
    - abseil/time/internal (= 1.20211102.0)
    - abseil/time/time (= 1.20211102.0)
  - abseil/time/internal (1.20211102.0):
    - abseil/time/internal/cctz (= 1.20211102.0)
  - abseil/time/internal/cctz (1.20211102.0):
    - abseil/time/internal/cctz/civil_time (= 1.20211102.0)
    - abseil/time/internal/cctz/time_zone (= 1.20211102.0)
  - abseil/time/internal/cctz/civil_time (1.20211102.0):
    - abseil/base/config
  - abseil/time/internal/cctz/time_zone (1.20211102.0):
    - abseil/base/config
    - abseil/time/internal/cctz/civil_time
  - abseil/time/time (1.20211102.0):
    - abseil/base/base
    - abseil/base/core_headers
    - abseil/base/raw_logging_internal
    - abseil/numeric/int128
    - abseil/strings/strings
    - abseil/time/internal/cctz/civil_time
    - abseil/time/internal/cctz/time_zone
  - abseil/types (1.20211102.0):
    - abseil/types/any (= 1.20211102.0)
    - abseil/types/bad_any_cast (= 1.20211102.0)
    - abseil/types/bad_any_cast_impl (= 1.20211102.0)
    - abseil/types/bad_optional_access (= 1.20211102.0)
    - abseil/types/bad_variant_access (= 1.20211102.0)
    - abseil/types/compare (= 1.20211102.0)
    - abseil/types/optional (= 1.20211102.0)
    - abseil/types/span (= 1.20211102.0)
    - abseil/types/variant (= 1.20211102.0)
  - abseil/types/any (1.20211102.0):
    - abseil/base/config
    - abseil/base/core_headers
    - abseil/base/fast_type_id
    - abseil/meta/type_traits
    - abseil/types/bad_any_cast
    - abseil/utility/utility
  - abseil/types/bad_any_cast (1.20211102.0):
    - abseil/base/config
    - abseil/types/bad_any_cast_impl
  - abseil/types/bad_any_cast_impl (1.20211102.0):
    - abseil/base/config
    - abseil/base/raw_logging_internal
  - abseil/types/bad_optional_access (1.20211102.0):
    - abseil/base/config
    - abseil/base/raw_logging_internal
  - abseil/types/bad_variant_access (1.20211102.0):
    - abseil/base/config
    - abseil/base/raw_logging_internal
  - abseil/types/compare (1.20211102.0):
    - abseil/base/core_headers
    - abseil/meta/type_traits
  - abseil/types/optional (1.20211102.0):
    - abseil/base/base_internal
    - abseil/base/config
    - abseil/base/core_headers
    - abseil/memory/memory
    - abseil/meta/type_traits
    - abseil/types/bad_optional_access
    - abseil/utility/utility
  - abseil/types/span (1.20211102.0):
    - abseil/algorithm/algorithm
    - abseil/base/core_headers
    - abseil/base/throw_delegate
    - abseil/meta/type_traits
  - abseil/types/variant (1.20211102.0):
    - abseil/base/base_internal
    - abseil/base/config
    - abseil/base/core_headers
    - abseil/meta/type_traits
    - abseil/types/bad_variant_access
    - abseil/utility/utility
  - abseil/utility/utility (1.20211102.0):
    - abseil/base/base_internal
    - abseil/base/config
    - abseil/meta/type_traits
  - boost (1.76.0)
  - BoringSSL-GRPC (0.0.24):
    - BoringSSL-GRPC/Implementation (= 0.0.24)
    - BoringSSL-GRPC/Interface (= 0.0.24)
  - BoringSSL-GRPC/Implementation (0.0.24):
    - BoringSSL-GRPC/Interface (= 0.0.24)
  - BoringSSL-GRPC/Interface (0.0.24)
  - DoubleConversion (1.1.6)
  - FBLazyVector (0.71.6)
  - FBReactNativeSpec (0.71.6):
    - RCT-Folly (= 2021.07.22.00)
    - RCTRequired (= 0.71.6)
    - RCTTypeSafety (= 0.71.6)
    - React-Core (= 0.71.6)
    - React-jsi (= 0.71.6)
    - ReactCommon/turbomodule/core (= 0.71.6)
  - Firebase/CoreOnly (10.7.0):
    - FirebaseCore (= 10.7.0)
  - Firebase/Firestore (10.7.0):
    - Firebase/CoreOnly
    - FirebaseFirestore (~> 10.7.0)
  - FirebaseCore (10.7.0):
    - FirebaseCoreInternal (~> 10.0)
    - GoogleUtilities/Environment (~> 7.8)
    - GoogleUtilities/Logger (~> 7.8)
  - FirebaseCoreInternal (10.8.0):
    - "GoogleUtilities/NSData+zlib (~> 7.8)"
  - FirebaseFirestore (10.7.0):
    - abseil/algorithm (~> 1.20211102.0)
    - abseil/base (~> 1.20211102.0)
    - abseil/container/flat_hash_map (~> 1.20211102.0)
    - abseil/memory (~> 1.20211102.0)
    - abseil/meta (~> 1.20211102.0)
    - abseil/strings/strings (~> 1.20211102.0)
    - abseil/time (~> 1.20211102.0)
    - abseil/types (~> 1.20211102.0)
    - FirebaseCore (~> 10.0)
    - "gRPC-C++ (~> 1.44.0)"
    - leveldb-library (~> 1.22)
    - nanopb (< 2.30910.0, >= 2.30908.0)
  - fmt (6.2.1)
  - glog (0.3.5)
  - GoogleUtilities/Environment (7.11.1):
    - PromisesObjC (< 3.0, >= 1.2)
  - GoogleUtilities/Logger (7.11.1):
    - GoogleUtilities/Environment
  - "GoogleUtilities/NSData+zlib (7.11.1)"
  - "gRPC-C++ (1.44.0)":
    - "gRPC-C++/Implementation (= 1.44.0)"
    - "gRPC-C++/Interface (= 1.44.0)"
  - "gRPC-C++/Implementation (1.44.0)":
    - abseil/base/base (= 1.20211102.0)
    - abseil/base/core_headers (= 1.20211102.0)
    - abseil/container/flat_hash_map (= 1.20211102.0)
    - abseil/container/inlined_vector (= 1.20211102.0)
    - abseil/functional/bind_front (= 1.20211102.0)
    - abseil/hash/hash (= 1.20211102.0)
    - abseil/memory/memory (= 1.20211102.0)
    - abseil/random/random (= 1.20211102.0)
    - abseil/status/status (= 1.20211102.0)
    - abseil/status/statusor (= 1.20211102.0)
    - abseil/strings/cord (= 1.20211102.0)
    - abseil/strings/str_format (= 1.20211102.0)
    - abseil/strings/strings (= 1.20211102.0)
    - abseil/synchronization/synchronization (= 1.20211102.0)
    - abseil/time/time (= 1.20211102.0)
    - abseil/types/optional (= 1.20211102.0)
    - abseil/types/variant (= 1.20211102.0)
    - abseil/utility/utility (= 1.20211102.0)
    - "gRPC-C++/Interface (= 1.44.0)"
    - gRPC-Core (= 1.44.0)
  - "gRPC-C++/Interface (1.44.0)"
  - gRPC-Core (1.44.0):
    - gRPC-Core/Implementation (= 1.44.0)
    - gRPC-Core/Interface (= 1.44.0)
  - gRPC-Core/Implementation (1.44.0):
    - abseil/base/base (= 1.20211102.0)
    - abseil/base/core_headers (= 1.20211102.0)
    - abseil/container/flat_hash_map (= 1.20211102.0)
    - abseil/container/inlined_vector (= 1.20211102.0)
    - abseil/functional/bind_front (= 1.20211102.0)
    - abseil/hash/hash (= 1.20211102.0)
    - abseil/memory/memory (= 1.20211102.0)
    - abseil/random/random (= 1.20211102.0)
    - abseil/status/status (= 1.20211102.0)
    - abseil/status/statusor (= 1.20211102.0)
    - abseil/strings/cord (= 1.20211102.0)
    - abseil/strings/str_format (= 1.20211102.0)
    - abseil/strings/strings (= 1.20211102.0)
    - abseil/synchronization/synchronization (= 1.20211102.0)
    - abseil/time/time (= 1.20211102.0)
    - abseil/types/optional (= 1.20211102.0)
    - abseil/types/variant (= 1.20211102.0)
    - abseil/utility/utility (= 1.20211102.0)
    - BoringSSL-GRPC (= 0.0.24)
    - gRPC-Core/Interface (= 1.44.0)
    - Libuv-gRPC (= 0.0.10)
  - gRPC-Core/Interface (1.44.0)
  - hermes-engine (0.71.6):
    - hermes-engine/Pre-built (= 0.71.6)
  - hermes-engine/Pre-built (0.71.6)
  - leveldb-library (1.22.2)
  - libevent (2.1.12)
  - Libuv-gRPC (0.0.10):
    - Libuv-gRPC/Implementation (= 0.0.10)
    - Libuv-gRPC/Interface (= 0.0.10)
  - Libuv-gRPC/Implementation (0.0.10):
    - Libuv-gRPC/Interface (= 0.0.10)
  - Libuv-gRPC/Interface (0.0.10)
  - nanopb (2.30909.0):
    - nanopb/decode (= 2.30909.0)
    - nanopb/encode (= 2.30909.0)
  - nanopb/decode (2.30909.0)
  - nanopb/encode (2.30909.0)
  - PromisesObjC (2.2.0)
  - RCT-Folly (2021.07.22.00):
    - boost
    - DoubleConversion
    - fmt (~> 6.2.1)
    - glog
    - RCT-Folly/Default (= 2021.07.22.00)
  - RCT-Folly/Default (2021.07.22.00):
    - boost
    - DoubleConversion
    - fmt (~> 6.2.1)
    - glog
  - RCT-Folly/Futures (2021.07.22.00):
    - boost
    - DoubleConversion
    - fmt (~> 6.2.1)
    - glog
    - libevent
  - RCTRequired (0.71.6)
  - RCTTypeSafety (0.71.6):
    - FBLazyVector (= 0.71.6)
    - RCTRequired (= 0.71.6)
    - React-Core (= 0.71.6)
  - React (0.71.6):
    - React-Core (= 0.71.6)
    - React-Core/DevSupport (= 0.71.6)
    - React-Core/RCTWebSocket (= 0.71.6)
    - React-RCTActionSheet (= 0.71.6)
    - React-RCTAnimation (= 0.71.6)
    - React-RCTBlob (= 0.71.6)
    - React-RCTImage (= 0.71.6)
    - React-RCTLinking (= 0.71.6)
    - React-RCTNetwork (= 0.71.6)
    - React-RCTSettings (= 0.71.6)
    - React-RCTText (= 0.71.6)
    - React-RCTVibration (= 0.71.6)
  - React-callinvoker (0.71.6)
  - React-Codegen (0.71.6):
    - FBReactNativeSpec
    - hermes-engine
    - RCT-Folly
    - RCTRequired
    - RCTTypeSafety
    - React-Core
    - React-jsi
    - React-jsiexecutor
    - ReactCommon/turbomodule/bridging
    - ReactCommon/turbomodule/core
  - React-Core (0.71.6):
    - glog
    - hermes-engine
    - RCT-Folly (= 2021.07.22.00)
    - React-Core/Default (= 0.71.6)
    - React-cxxreact (= 0.71.6)
    - React-hermes
    - React-jsi (= 0.71.6)
    - React-jsiexecutor (= 0.71.6)
    - React-perflogger (= 0.71.6)
    - Yoga
  - React-Core/CoreModulesHeaders (0.71.6):
    - glog
    - hermes-engine
    - RCT-Folly (= 2021.07.22.00)
    - React-Core/Default
    - React-cxxreact (= 0.71.6)
    - React-hermes
    - React-jsi (= 0.71.6)
    - React-jsiexecutor (= 0.71.6)
    - React-perflogger (= 0.71.6)
    - Yoga
  - React-Core/Default (0.71.6):
    - glog
    - hermes-engine
    - RCT-Folly (= 2021.07.22.00)
    - React-cxxreact (= 0.71.6)
    - React-hermes
    - React-jsi (= 0.71.6)
    - React-jsiexecutor (= 0.71.6)
    - React-perflogger (= 0.71.6)
    - Yoga
  - React-Core/DevSupport (0.71.6):
    - glog
    - hermes-engine
    - RCT-Folly (= 2021.07.22.00)
    - React-Core/Default (= 0.71.6)
    - React-Core/RCTWebSocket (= 0.71.6)
    - React-cxxreact (= 0.71.6)
    - React-hermes
    - React-jsi (= 0.71.6)
    - React-jsiexecutor (= 0.71.6)
    - React-jsinspector (= 0.71.6)
    - React-perflogger (= 0.71.6)
    - Yoga
  - React-Core/RCTActionSheetHeaders (0.71.6):
    - glog
    - hermes-engine
    - RCT-Folly (= 2021.07.22.00)
    - React-Core/Default
    - React-cxxreact (= 0.71.6)
    - React-hermes
    - React-jsi (= 0.71.6)
    - React-jsiexecutor (= 0.71.6)
    - React-perflogger (= 0.71.6)
    - Yoga
  - React-Core/RCTAnimationHeaders (0.71.6):
    - glog
    - hermes-engine
    - RCT-Folly (= 2021.07.22.00)
    - React-Core/Default
    - React-cxxreact (= 0.71.6)
    - React-hermes
    - React-jsi (= 0.71.6)
    - React-jsiexecutor (= 0.71.6)
    - React-perflogger (= 0.71.6)
    - Yoga
  - React-Core/RCTBlobHeaders (0.71.6):
    - glog
    - hermes-engine
    - RCT-Folly (= 2021.07.22.00)
    - React-Core/Default
    - React-cxxreact (= 0.71.6)
    - React-hermes
    - React-jsi (= 0.71.6)
    - React-jsiexecutor (= 0.71.6)
    - React-perflogger (= 0.71.6)
    - Yoga
  - React-Core/RCTImageHeaders (0.71.6):
    - glog
    - hermes-engine
    - RCT-Folly (= 2021.07.22.00)
    - React-Core/Default
    - React-cxxreact (= 0.71.6)
    - React-hermes
    - React-jsi (= 0.71.6)
    - React-jsiexecutor (= 0.71.6)
    - React-perflogger (= 0.71.6)
    - Yoga
  - React-Core/RCTLinkingHeaders (0.71.6):
    - glog
    - hermes-engine
    - RCT-Folly (= 2021.07.22.00)
    - React-Core/Default
    - React-cxxreact (= 0.71.6)
    - React-hermes
    - React-jsi (= 0.71.6)
    - React-jsiexecutor (= 0.71.6)
    - React-perflogger (= 0.71.6)
    - Yoga
  - React-Core/RCTNetworkHeaders (0.71.6):
    - glog
    - hermes-engine
    - RCT-Folly (= 2021.07.22.00)
    - React-Core/Default
    - React-cxxreact (= 0.71.6)
    - React-hermes
    - React-jsi (= 0.71.6)
    - React-jsiexecutor (= 0.71.6)
    - React-perflogger (= 0.71.6)
    - Yoga
  - React-Core/RCTSettingsHeaders (0.71.6):
    - glog
    - hermes-engine
    - RCT-Folly (= 2021.07.22.00)
    - React-Core/Default
    - React-cxxreact (= 0.71.6)
    - React-hermes
    - React-jsi (= 0.71.6)
    - React-jsiexecutor (= 0.71.6)
    - React-perflogger (= 0.71.6)
    - Yoga
  - React-Core/RCTTextHeaders (0.71.6):
    - glog
    - hermes-engine
    - RCT-Folly (= 2021.07.22.00)
    - React-Core/Default
    - React-cxxreact (= 0.71.6)
    - React-hermes
    - React-jsi (= 0.71.6)
    - React-jsiexecutor (= 0.71.6)
    - React-perflogger (= 0.71.6)
    - Yoga
  - React-Core/RCTVibrationHeaders (0.71.6):
    - glog
    - hermes-engine
    - RCT-Folly (= 2021.07.22.00)
    - React-Core/Default
    - React-cxxreact (= 0.71.6)
    - React-hermes
    - React-jsi (= 0.71.6)
    - React-jsiexecutor (= 0.71.6)
    - React-perflogger (= 0.71.6)
    - Yoga
  - React-Core/RCTWebSocket (0.71.6):
    - glog
    - hermes-engine
    - RCT-Folly (= 2021.07.22.00)
    - React-Core/Default (= 0.71.6)
    - React-cxxreact (= 0.71.6)
    - React-hermes
    - React-jsi (= 0.71.6)
    - React-jsiexecutor (= 0.71.6)
    - React-perflogger (= 0.71.6)
    - Yoga
  - React-CoreModules (0.71.6):
    - RCT-Folly (= 2021.07.22.00)
    - RCTTypeSafety (= 0.71.6)
    - React-Codegen (= 0.71.6)
    - React-Core/CoreModulesHeaders (= 0.71.6)
    - React-jsi (= 0.71.6)
    - React-RCTBlob
    - React-RCTImage (= 0.71.6)
    - ReactCommon/turbomodule/core (= 0.71.6)
  - React-cxxreact (0.71.6):
    - boost (= 1.76.0)
    - DoubleConversion
    - glog
    - hermes-engine
    - RCT-Folly (= 2021.07.22.00)
    - React-callinvoker (= 0.71.6)
    - React-jsi (= 0.71.6)
    - React-jsinspector (= 0.71.6)
    - React-logger (= 0.71.6)
    - React-perflogger (= 0.71.6)
    - React-runtimeexecutor (= 0.71.6)
  - React-hermes (0.71.6):
    - DoubleConversion
    - glog
    - hermes-engine
    - RCT-Folly (= 2021.07.22.00)
    - RCT-Folly/Futures (= 2021.07.22.00)
    - React-cxxreact (= 0.71.6)
    - React-jsi
    - React-jsiexecutor (= 0.71.6)
    - React-jsinspector (= 0.71.6)
    - React-perflogger (= 0.71.6)
  - React-jsi (0.71.6):
    - boost (= 1.76.0)
    - DoubleConversion
    - glog
    - hermes-engine
    - RCT-Folly (= 2021.07.22.00)
  - React-jsiexecutor (0.71.6):
    - DoubleConversion
    - glog
    - hermes-engine
    - RCT-Folly (= 2021.07.22.00)
    - React-cxxreact (= 0.71.6)
    - React-jsi (= 0.71.6)
    - React-perflogger (= 0.71.6)
  - React-jsinspector (0.71.6)
  - React-logger (0.71.6):
    - glog
  - react-native-date-picker (4.2.10):
    - React-Core
  - react-native-safe-area-context (4.5.1):
    - RCT-Folly
    - RCTRequired
    - RCTTypeSafety
    - React-Core
    - ReactCommon/turbomodule/core
  - React-perflogger (0.71.6)
  - React-RCTActionSheet (0.71.6):
    - React-Core/RCTActionSheetHeaders (= 0.71.6)
  - React-RCTAnimation (0.71.6):
    - RCT-Folly (= 2021.07.22.00)
    - RCTTypeSafety (= 0.71.6)
    - React-Codegen (= 0.71.6)
    - React-Core/RCTAnimationHeaders (= 0.71.6)
    - React-jsi (= 0.71.6)
    - ReactCommon/turbomodule/core (= 0.71.6)
  - React-RCTAppDelegate (0.71.6):
    - RCT-Folly
    - RCTRequired
    - RCTTypeSafety
    - React-Core
    - ReactCommon/turbomodule/core
  - React-RCTBlob (0.71.6):
    - hermes-engine
    - RCT-Folly (= 2021.07.22.00)
    - React-Codegen (= 0.71.6)
    - React-Core/RCTBlobHeaders (= 0.71.6)
    - React-Core/RCTWebSocket (= 0.71.6)
    - React-jsi (= 0.71.6)
    - React-RCTNetwork (= 0.71.6)
    - ReactCommon/turbomodule/core (= 0.71.6)
  - React-RCTImage (0.71.6):
    - RCT-Folly (= 2021.07.22.00)
    - RCTTypeSafety (= 0.71.6)
    - React-Codegen (= 0.71.6)
    - React-Core/RCTImageHeaders (= 0.71.6)
    - React-jsi (= 0.71.6)
    - React-RCTNetwork (= 0.71.6)
    - ReactCommon/turbomodule/core (= 0.71.6)
  - React-RCTLinking (0.71.6):
    - React-Codegen (= 0.71.6)
    - React-Core/RCTLinkingHeaders (= 0.71.6)
    - React-jsi (= 0.71.6)
    - ReactCommon/turbomodule/core (= 0.71.6)
  - React-RCTNetwork (0.71.6):
    - RCT-Folly (= 2021.07.22.00)
    - RCTTypeSafety (= 0.71.6)
    - React-Codegen (= 0.71.6)
    - React-Core/RCTNetworkHeaders (= 0.71.6)
    - React-jsi (= 0.71.6)
    - ReactCommon/turbomodule/core (= 0.71.6)
  - React-RCTSettings (0.71.6):
    - RCT-Folly (= 2021.07.22.00)
    - RCTTypeSafety (= 0.71.6)
    - React-Codegen (= 0.71.6)
    - React-Core/RCTSettingsHeaders (= 0.71.6)
    - React-jsi (= 0.71.6)
    - ReactCommon/turbomodule/core (= 0.71.6)
  - React-RCTText (0.71.6):
    - React-Core/RCTTextHeaders (= 0.71.6)
  - React-RCTVibration (0.71.6):
    - RCT-Folly (= 2021.07.22.00)
    - React-Codegen (= 0.71.6)
    - React-Core/RCTVibrationHeaders (= 0.71.6)
    - React-jsi (= 0.71.6)
    - ReactCommon/turbomodule/core (= 0.71.6)
  - React-runtimeexecutor (0.71.6):
    - React-jsi (= 0.71.6)
  - ReactCommon/turbomodule/bridging (0.71.6):
    - DoubleConversion
    - glog
    - hermes-engine
    - RCT-Folly (= 2021.07.22.00)
    - React-callinvoker (= 0.71.6)
    - React-Core (= 0.71.6)
    - React-cxxreact (= 0.71.6)
    - React-jsi (= 0.71.6)
    - React-logger (= 0.71.6)
    - React-perflogger (= 0.71.6)
  - ReactCommon/turbomodule/core (0.71.6):
    - DoubleConversion
    - glog
    - hermes-engine
    - RCT-Folly (= 2021.07.22.00)
    - React-callinvoker (= 0.71.6)
    - React-Core (= 0.71.6)
    - React-cxxreact (= 0.71.6)
    - React-jsi (= 0.71.6)
    - React-logger (= 0.71.6)
    - React-perflogger (= 0.71.6)
  - RNCPicker (2.4.10):
    - React-Core
  - RNFBApp (17.4.2):
    - Firebase/CoreOnly (= 10.7.0)
    - React-Core
  - RNFBFirestore (17.4.2):
    - Firebase/Firestore (= 10.7.0)
    - nanopb (< 2.30910.0, >= 2.30908.0)
    - React-Core
    - RNFBApp
  - RNScreens (3.20.0):
    - React-Core
    - React-RCTImage
  - Yoga (1.14.0)

DEPENDENCIES:
  - boost (from `../node_modules/react-native/third-party-podspecs/boost.podspec`)
  - DoubleConversion (from `../node_modules/react-native/third-party-podspecs/DoubleConversion.podspec`)
  - FBLazyVector (from `../node_modules/react-native/Libraries/FBLazyVector`)
  - FBReactNativeSpec (from `../node_modules/react-native/React/FBReactNativeSpec`)
  - glog (from `../node_modules/react-native/third-party-podspecs/glog.podspec`)
  - hermes-engine (from `../node_modules/react-native/sdks/hermes-engine/hermes-engine.podspec`)
  - libevent (~> 2.1.12)
  - RCT-Folly (from `../node_modules/react-native/third-party-podspecs/RCT-Folly.podspec`)
  - RCTRequired (from `../node_modules/react-native/Libraries/RCTRequired`)
  - RCTTypeSafety (from `../node_modules/react-native/Libraries/TypeSafety`)
  - React (from `../node_modules/react-native/`)
  - React-callinvoker (from `../node_modules/react-native/ReactCommon/callinvoker`)
  - React-Codegen (from `build/generated/ios`)
  - React-Core (from `../node_modules/react-native/`)
  - React-Core/RCTWebSocket (from `../node_modules/react-native/`)
  - React-CoreModules (from `../node_modules/react-native/React/CoreModules`)
  - React-cxxreact (from `../node_modules/react-native/ReactCommon/cxxreact`)
  - React-hermes (from `../node_modules/react-native/ReactCommon/hermes`)
  - React-jsi (from `../node_modules/react-native/ReactCommon/jsi`)
  - React-jsiexecutor (from `../node_modules/react-native/ReactCommon/jsiexecutor`)
  - React-jsinspector (from `../node_modules/react-native/ReactCommon/jsinspector`)
  - React-logger (from `../node_modules/react-native/ReactCommon/logger`)
  - react-native-date-picker (from `../node_modules/react-native-date-picker`)
  - react-native-safe-area-context (from `../node_modules/react-native-safe-area-context`)
  - React-perflogger (from `../node_modules/react-native/ReactCommon/reactperflogger`)
  - React-RCTActionSheet (from `../node_modules/react-native/Libraries/ActionSheetIOS`)
  - React-RCTAnimation (from `../node_modules/react-native/Libraries/NativeAnimation`)
  - React-RCTAppDelegate (from `../node_modules/react-native/Libraries/AppDelegate`)
  - React-RCTBlob (from `../node_modules/react-native/Libraries/Blob`)
  - React-RCTImage (from `../node_modules/react-native/Libraries/Image`)
  - React-RCTLinking (from `../node_modules/react-native/Libraries/LinkingIOS`)
  - React-RCTNetwork (from `../node_modules/react-native/Libraries/Network`)
  - React-RCTSettings (from `../node_modules/react-native/Libraries/Settings`)
  - React-RCTText (from `../node_modules/react-native/Libraries/Text`)
  - React-RCTVibration (from `../node_modules/react-native/Libraries/Vibration`)
  - React-runtimeexecutor (from `../node_modules/react-native/ReactCommon/runtimeexecutor`)
  - ReactCommon/turbomodule/core (from `../node_modules/react-native/ReactCommon`)
  - "RNCPicker (from `../node_modules/@react-native-picker/picker`)"
  - "RNFBApp (from `../node_modules/@react-native-firebase/app`)"
  - "RNFBFirestore (from `../node_modules/@react-native-firebase/firestore`)"
  - RNScreens (from `../node_modules/react-native-screens`)
  - Yoga (from `../node_modules/react-native/ReactCommon/yoga`)

SPEC REPOS:
  trunk:
    - abseil
    - BoringSSL-GRPC
    - Firebase
    - FirebaseCore
    - FirebaseCoreInternal
    - FirebaseFirestore
    - fmt
    - GoogleUtilities
    - "gRPC-C++"
    - gRPC-Core
    - leveldb-library
    - libevent
    - Libuv-gRPC
    - nanopb
    - PromisesObjC

EXTERNAL SOURCES:
  boost:
    :podspec: "../node_modules/react-native/third-party-podspecs/boost.podspec"
  DoubleConversion:
    :podspec: "../node_modules/react-native/third-party-podspecs/DoubleConversion.podspec"
  FBLazyVector:
    :path: "../node_modules/react-native/Libraries/FBLazyVector"
  FBReactNativeSpec:
    :path: "../node_modules/react-native/React/FBReactNativeSpec"
  glog:
    :podspec: "../node_modules/react-native/third-party-podspecs/glog.podspec"
  hermes-engine:
    :podspec: "../node_modules/react-native/sdks/hermes-engine/hermes-engine.podspec"
  RCT-Folly:
    :podspec: "../node_modules/react-native/third-party-podspecs/RCT-Folly.podspec"
  RCTRequired:
    :path: "../node_modules/react-native/Libraries/RCTRequired"
  RCTTypeSafety:
    :path: "../node_modules/react-native/Libraries/TypeSafety"
  React:
    :path: "../node_modules/react-native/"
  React-callinvoker:
    :path: "../node_modules/react-native/ReactCommon/callinvoker"
  React-Codegen:
    :path: build/generated/ios
  React-Core:
    :path: "../node_modules/react-native/"
  React-CoreModules:
    :path: "../node_modules/react-native/React/CoreModules"
  React-cxxreact:
    :path: "../node_modules/react-native/ReactCommon/cxxreact"
  React-hermes:
    :path: "../node_modules/react-native/ReactCommon/hermes"
  React-jsi:
    :path: "../node_modules/react-native/ReactCommon/jsi"
  React-jsiexecutor:
    :path: "../node_modules/react-native/ReactCommon/jsiexecutor"
  React-jsinspector:
    :path: "../node_modules/react-native/ReactCommon/jsinspector"
  React-logger:
    :path: "../node_modules/react-native/ReactCommon/logger"
  react-native-date-picker:
    :path: "../node_modules/react-native-date-picker"
  react-native-safe-area-context:
    :path: "../node_modules/react-native-safe-area-context"
  React-perflogger:
    :path: "../node_modules/react-native/ReactCommon/reactperflogger"
  React-RCTActionSheet:
    :path: "../node_modules/react-native/Libraries/ActionSheetIOS"
  React-RCTAnimation:
    :path: "../node_modules/react-native/Libraries/NativeAnimation"
  React-RCTAppDelegate:
    :path: "../node_modules/react-native/Libraries/AppDelegate"
  React-RCTBlob:
    :path: "../node_modules/react-native/Libraries/Blob"
  React-RCTImage:
    :path: "../node_modules/react-native/Libraries/Image"
  React-RCTLinking:
    :path: "../node_modules/react-native/Libraries/LinkingIOS"
  React-RCTNetwork:
    :path: "../node_modules/react-native/Libraries/Network"
  React-RCTSettings:
    :path: "../node_modules/react-native/Libraries/Settings"
  React-RCTText:
    :path: "../node_modules/react-native/Libraries/Text"
  React-RCTVibration:
    :path: "../node_modules/react-native/Libraries/Vibration"
  React-runtimeexecutor:
    :path: "../node_modules/react-native/ReactCommon/runtimeexecutor"
  ReactCommon:
    :path: "../node_modules/react-native/ReactCommon"
  RNCPicker:
    :path: "../node_modules/@react-native-picker/picker"
  RNFBApp:
    :path: "../node_modules/@react-native-firebase/app"
  RNFBFirestore:
    :path: "../node_modules/@react-native-firebase/firestore"
  RNScreens:
    :path: "../node_modules/react-native-screens"
  Yoga:
    :path: "../node_modules/react-native/ReactCommon/yoga"

SPEC CHECKSUMS:
  abseil: ebe5b5529fb05d93a8bdb7951607be08b7fa71bc
  boost: 57d2868c099736d80fcd648bf211b4431e51a558
  BoringSSL-GRPC: 3175b25143e648463a56daeaaa499c6cb86dad33
  DoubleConversion: 5189b271737e1565bdce30deb4a08d647e3f5f54
  FBLazyVector: a83ceaa8a8581003a623facdb3c44f6d4f342ac5
  FBReactNativeSpec: 85eee79837cb797ab6176f0243a2b40511c09158
  Firebase: 0219acf760880eeec8ce479895bd7767466d9f81
  FirebaseCore: e317665b9d744727a97e623edbbed009320afdd7
  FirebaseCoreInternal: fa2899eb1f340054858d289e5a0fb935a0a74e52
  FirebaseFirestore: 3963a6edd1c84b4748dab3e2c62624a29d03eca1
  fmt: ff9d55029c625d3757ed641535fd4a75fedc7ce9
  glog: 04b94705f318337d7ead9e6d17c019bd9b1f6b1b
  GoogleUtilities: 9aa0ad5a7bc171f8bae016300bfcfa3fb8425749
  "gRPC-C++": 9675f953ace2b3de7c506039d77be1f2e77a8db2
  gRPC-Core: 943e491cb0d45598b0b0eb9e910c88080369290b
  hermes-engine: b434cea529ad0152c56c7cb6486b0c4c0b23b5de
  leveldb-library: f03246171cce0484482ec291f88b6d563699ee06
  libevent: 4049cae6c81cdb3654a443be001fb9bdceff7913
  Libuv-gRPC: 55e51798e14ef436ad9bc45d12d43b77b49df378
  nanopb: b552cce312b6c8484180ef47159bc0f65a1f0431
  PromisesObjC: 09985d6d70fbe7878040aa746d78236e6946d2ef
  RCT-Folly: 424b8c9a7a0b9ab2886ffe9c3b041ef628fd4fb1
  RCTRequired: 5c6fd63b03abb06947d348dadac51c93e3485bd8
  RCTTypeSafety: 1c66daedd66f674e39ce9f40782f0d490c78b175
  React: e11ca7cdc7aa4ddd7e6a59278b808cfe17ebbd9f
  React-callinvoker: 77a82869505c96945c074b80bbdc8df919646d51
  React-Codegen: 9ee33090c38ab3da3c4dc029924d50fb649f0dfc
  React-Core: 44903e47b428a491f48fd0eae54caddb2ea05ebf
  React-CoreModules: 83d989defdfc82be1f7386f84a56b6509f54ac74
  React-cxxreact: 058e7e6349649eae9cfcdec5854e702b26298932
  React-hermes: ba19a405804b833c9b832c1f2061ad5038bb97f2
  React-jsi: 3fe6f589c9cafbef85ed5a4be7c6dc8edfb4ab54
  React-jsiexecutor: 7894956638ff3e00819dd3f9f6f4a84da38f2409
  React-jsinspector: d5ce2ef3eb8fd30c28389d0bc577918c70821bd6
  React-logger: 9332c3e7b4ef007a0211c0a9868253aac3e1da82
  react-native-date-picker: 89c419d88fa8e3c5f2d3cbae0bb7f7454ae8ea55
  react-native-safe-area-context: f5549f36508b1b7497434baa0cd97d7e470920d4
  React-perflogger: 43392072a5b867a504e2b4857606f8fc5a403d7f
  React-RCTActionSheet: c7b67c125bebeda9fb19fc7b200d85cb9d6899c4
  React-RCTAnimation: c2de79906f607986633a7114bee44854e4c7e2f5
  React-RCTAppDelegate: 96bc933c3228a549718a6475c4d3f9dd4bbae98d
  React-RCTBlob: cf72446957310e7da6627a4bdaadf970d3a8f232
  React-RCTImage: c6093f1bf3d67c0428d779b00390617d5bd90699
  React-RCTLinking: 5de47e37937889d22599af4b99d0552bad1b1c3c
  React-RCTNetwork: e7d7077e073b08e5dd486fba3fe87ccad90a9bc4
  React-RCTSettings: 72a04921b2e8fb832da7201a60ffffff2a7c62f7
  React-RCTText: 7123c70fef5367e2121fea37e65b9ad6d3747e54
  React-RCTVibration: 73d201599a64ea14b4e0b8f91b64970979fd92e6
  React-runtimeexecutor: 8692ac548bec648fa121980ccb4304afd136d584
  ReactCommon: 0982e4657e0ecdc3a90858fbb529d54cd0be8fb4
  RNCPicker: 0bc2f0a29abcca7b7ed44a2d036aac9ab6d25700
  RNFBApp: 55dbfc574e5ae414f2984394934f79f87eb4b050
  RNFBFirestore: c505e6f96e70fb029ae1961c73965fd13ce92db5
  RNScreens: 218801c16a2782546d30bd2026bb625c0302d70f
  Yoga: ba09b6b11e6139e3df8229238aa794205ca6a02a

PODFILE CHECKSUM: 467445d60a2843836b3fc0b442abe1cff2e6be1f

COCOAPODS: 1.12.0
